PackratFormat: 1.4
PackratVersion: 0.4.8.15
RVersion: 3.3.2
Repos: CRAN=https://cran.rstudio.com/

Package: R6
Source: CRAN
Version: 2.2.1
Hash: 530f0b839551f96ec991ce4f93156ee1

Package: assertthat
Source: CRAN
Version: 0.2.0
Hash: e8805df54c65ac96d50235c44a82615c

Package: backports
Source: CRAN
Version: 1.1.0
Hash: 3f754426ca2b7dbbf63951fe5075373b

Package: brew
Source: CRAN
Version: 1.0-6
Hash: 931f9972deae0f205e1c78a51f33149b

Package: commonmark
Source: CRAN
Version: 1.2
Hash: 1290583b9d16fb60322126a8698fb729

Package: crayon
Source: CRAN
Version: 1.3.2
Hash: 576a9d297a567d6a5ebd164ca5221590

Package: curl
Source: CRAN
Version: 2.6
Hash: 8162b82ca4809c0d63c30aedbd7348e0

Package: desc
Source: CRAN
Version: 1.1.0
Hash: 346d3477f87b89692dd1379eaed1a1be

Package: devtools
Source: CRAN
Version: 1.13.2
Hash: 1bcfefa7d2fad3f1a2f5367c9ceccd46

Package: digest
Source: CRAN
Version: 0.6.12
Hash: e53fb8c58673df868183697e39a6a4d6

Package: git2r
Source: CRAN
Version: 0.18.0
Hash: 9dfaafbcca68be29b89ef7783dc1dac0

Package: httr
Source: CRAN
Version: 1.2.1
Hash: 7de1f8f760441881804af7c1ff324340

Package: jsonlite
Source: CRAN
Version: 1.5
Hash: 9c51936d8dd00b2f1d4fe9d10499694c

Package: memoise
Source: CRAN
Version: 1.1.0
Hash: 410fcd334bc626db100237cc1370f2e9

Package: mime
Source: CRAN
Version: 0.5
Hash: 463550cf44fb6f0a2359368f42eebe62

Package: openssl
Source: CRAN
Version: 0.9.6
Hash: 5f4711e142a44655dfea4d64fcf2f641

Package: packrat
Source: github
Version: 0.4.8-15
Hash: 1a16f79589f4248cae435c7d4447005d
GithubRepo: packrat
GithubUsername: rstudio
GithubRef: master
GithubSha1: a51d1364756aad73681623ca6dab165a5c7fe238

Package: rprojroot
Source: CRAN
Version: 1.2
Hash: fdcac51a7f47decd60556ceefc3c26b1

Package: rstudioapi
Source: CRAN
Version: 0.6
Hash: fd256f8bfb9a64cc35f98b0decb1a79f

Package: whisker
Source: CRAN
Version: 0.3-2
Hash: 803d662762e532705c2c066a82d066e7

Package: withr
Source: CRAN
Version: 1.0.2
Hash: 774eb7be9087cdc24b53b74e5359cfac
